// !$*UTF8*$!
{
	archiveVersion = 1;
	classes = {
	};
	objectVersion = 50;
	objects = {

/* Begin PBXBuildFile section */
		7793F564252AA2DF0004244D /* AppDelegate.swift in Sources */ = {isa = PBXBuildFile; fileRef = 7793F563252AA2DF0004244D /* AppDelegate.swift */; };
		7793F566252AA2DF0004244D /* SceneDelegate.swift in Sources */ = {isa = PBXBuildFile; fileRef = 7793F565252AA2DF0004244D /* SceneDelegate.swift */; };
		7793F568252AA2DF0004244D /* MainController.swift in Sources */ = {isa = PBXBuildFile; fileRef = 7793F567252AA2DF0004244D /* MainController.swift */; };
		7793F56D252AA2E10004244D /* Assets.xcassets in Resources */ = {isa = PBXBuildFile; fileRef = 7793F56C252AA2E10004244D /* Assets.xcassets */; };
		7793F570252AA2E10004244D /* LaunchScreen.storyboard in Resources */ = {isa = PBXBuildFile; fileRef = 7793F56E252AA2E10004244D /* LaunchScreen.storyboard */; };
		7793F57B252AA2E20004244D /* SpookyPexelsTests.swift in Sources */ = {isa = PBXBuildFile; fileRef = 7793F57A252AA2E20004244D /* SpookyPexelsTests.swift */; };
		7793F586252AA2E20004244D /* SpookyPexelsUITests.swift in Sources */ = {isa = PBXBuildFile; fileRef = 7793F585252AA2E20004244D /* SpookyPexelsUITests.swift */; };
/* End PBXBuildFile section */

/* Begin PBXContainerItemProxy section */
		7793F577252AA2E20004244D /* PBXContainerItemProxy */ = {
			isa = PBXContainerItemProxy;
			containerPortal = 7793F558252AA2DF0004244D /* Project object */;
			proxyType = 1;
			remoteGlobalIDString = 7793F55F252AA2DF0004244D;
			remoteInfo = SpookyPexels;
		};
		7793F582252AA2E20004244D /* PBXContainerItemProxy */ = {
			isa = PBXContainerItemProxy;
			containerPortal = 7793F558252AA2DF0004244D /* Project object */;
			proxyType = 1;
			remoteGlobalIDString = 7793F55F252AA2DF0004244D;
			remoteInfo = SpookyPexels;
		};
/* End PBXContainerItemProxy section */

/* Begin PBXFileReference section */
		7793F560252AA2DF0004244D /* SpookyPexels.app */ = {isa = PBXFileReference; explicitFileType = wrapper.application; includeInIndex = 0; path = SpookyPexels.app; sourceTree = BUILT_PRODUCTS_DIR; };
		7793F563252AA2DF0004244D /* AppDelegate.swift */ = {isa = PBXFileReference; lastKnownFileType = sourcecode.swift; path = AppDelegate.swift; sourceTree = "<group>"; };
		7793F565252AA2DF0004244D /* SceneDelegate.swift */ = {isa = PBXFileReference; lastKnownFileType = sourcecode.swift; path = SceneDelegate.swift; sourceTree = "<group>"; };
		7793F567252AA2DF0004244D /* MainController.swift */ = {isa = PBXFileReference; lastKnownFileType = sourcecode.swift; path = MainController.swift; sourceTree = "<group>"; };
		7793F56C252AA2E10004244D /* Assets.xcassets */ = {isa = PBXFileReference; lastKnownFileType = folder.assetcatalog; path = Assets.xcassets; sourceTree = "<group>"; };
		7793F56F252AA2E10004244D /* Base */ = {isa = PBXFileReference; lastKnownFileType = file.storyboard; name = Base; path = Base.lproj/LaunchScreen.storyboard; sourceTree = "<group>"; };
		7793F571252AA2E10004244D /* Info.plist */ = {isa = PBXFileReference; lastKnownFileType = text.plist.xml; path = Info.plist; sourceTree = "<group>"; };
		7793F576252AA2E20004244D /* SpookyPexelsTests.xctest */ = {isa = PBXFileReference; explicitFileType = wrapper.cfbundle; includeInIndex = 0; path = SpookyPexelsTests.xctest; sourceTree = BUILT_PRODUCTS_DIR; };
		7793F57A252AA2E20004244D /* SpookyPexelsTests.swift */ = {isa = PBXFileReference; lastKnownFileType = sourcecode.swift; path = SpookyPexelsTests.swift; sourceTree = "<group>"; };
		7793F57C252AA2E20004244D /* Info.plist */ = {isa = PBXFileReference; lastKnownFileType = text.plist.xml; path = Info.plist; sourceTree = "<group>"; };
		7793F581252AA2E20004244D /* SpookyPexelsUITests.xctest */ = {isa = PBXFileReference; explicitFileType = wrapper.cfbundle; includeInIndex = 0; path = SpookyPexelsUITests.xctest; sourceTree = BUILT_PRODUCTS_DIR; };
		7793F585252AA2E20004244D /* SpookyPexelsUITests.swift */ = {isa = PBXFileReference; lastKnownFileType = sourcecode.swift; path = SpookyPexelsUITests.swift; sourceTree = "<group>"; };
		7793F587252AA2E20004244D /* Info.plist */ = {isa = PBXFileReference; lastKnownFileType = text.plist.xml; path = Info.plist; sourceTree = "<group>"; };
/* End PBXFileReference section */

/* Begin PBXFrameworksBuildPhase section */
		7793F55D252AA2DF0004244D /* Frameworks */ = {
			isa = PBXFrameworksBuildPhase;
			buildActionMask = 2147483647;
			files = (
			);
			runOnlyForDeploymentPostprocessing = 0;
		};
		7793F573252AA2E20004244D /* Frameworks */ = {
			isa = PBXFrameworksBuildPhase;
			buildActionMask = 2147483647;
			files = (
			);
			runOnlyForDeploymentPostprocessing = 0;
		};
		7793F57E252AA2E20004244D /* Frameworks */ = {
			isa = PBXFrameworksBuildPhase;
			buildActionMask = 2147483647;
			files = (
			);
			runOnlyForDeploymentPostprocessing = 0;
		};
/* End PBXFrameworksBuildPhase section */

/* Begin PBXGroup section */
		7793F557252AA2DF0004244D = {
			isa = PBXGroup;
			children = (
				7793F562252AA2DF0004244D /* SpookyPexels */,
				7793F579252AA2E20004244D /* SpookyPexelsTests */,
				7793F584252AA2E20004244D /* SpookyPexelsUITests */,
				7793F561252AA2DF0004244D /* Products */,
			);
			sourceTree = "<group>";
		};
		7793F561252AA2DF0004244D /* Products */ = {
			isa = PBXGroup;
			children = (
				7793F560252AA2DF0004244D /* SpookyPexels.app */,
				7793F576252AA2E20004244D /* SpookyPexelsTests.xctest */,
				7793F581252AA2E20004244D /* SpookyPexelsUITests.xctest */,
			);
			name = Products;
			sourceTree = "<group>";
		};
		7793F562252AA2DF0004244D /* SpookyPexels */ = {
			isa = PBXGroup;
			children = (
				7793F59B252AAF1B0004244D /* Model */,
				7793F59A252AAF160004244D /* View */,
				7793F599252AAF0D0004244D /* Controller */,
				7793F56C252AA2E10004244D /* Assets.xcassets */,
				7793F56E252AA2E10004244D /* LaunchScreen.storyboard */,
				7793F571252AA2E10004244D /* Info.plist */,
			);
			path = SpookyPexels;
			sourceTree = "<group>";
		};
		7793F579252AA2E20004244D /* SpookyPexelsTests */ = {
			isa = PBXGroup;
			children = (
				7793F57A252AA2E20004244D /* SpookyPexelsTests.swift */,
				7793F57C252AA2E20004244D /* Info.plist */,
			);
			path = SpookyPexelsTests;
			sourceTree = "<group>";
		};
		7793F584252AA2E20004244D /* SpookyPexelsUITests */ = {
			isa = PBXGroup;
			children = (
				7793F585252AA2E20004244D /* SpookyPexelsUITests.swift */,
				7793F587252AA2E20004244D /* Info.plist */,
			);
			path = SpookyPexelsUITests;
			sourceTree = "<group>";
		};
		7793F599252AAF0D0004244D /* Controller */ = {
			isa = PBXGroup;
			children = (
				7793F563252AA2DF0004244D /* AppDelegate.swift */,
				7793F565252AA2DF0004244D /* SceneDelegate.swift */,
				7793F567252AA2DF0004244D /* MainController.swift */,
			);
			path = Controller;
			sourceTree = "<group>";
		};
		7793F59A252AAF160004244D /* View */ = {
			isa = PBXGroup;
			children = (
			);
			path = View;
			sourceTree = "<group>";
		};
		7793F59B252AAF1B0004244D /* Model */ = {
			isa = PBXGroup;
			children = (
			);
			path = Model;
			sourceTree = "<group>";
		};
/* End PBXGroup section */

/* Begin PBXNativeTarget section */
		7793F55F252AA2DF0004244D /* SpookyPexels */ = {
			isa = PBXNativeTarget;
			buildConfigurationList = 7793F58A252AA2E20004244D /* Build configuration list for PBXNativeTarget "SpookyPexels" */;
			buildPhases = (
				7793F55C252AA2DF0004244D /* Sources */,
				7793F55D252AA2DF0004244D /* Frameworks */,
				7793F55E252AA2DF0004244D /* Resources */,
			);
			buildRules = (
			);
			dependencies = (
			);
			name = SpookyPexels;
			productName = SpookyPexels;
			productReference = 7793F560252AA2DF0004244D /* SpookyPexels.app */;
			productType = "com.apple.product-type.application";
		};
		7793F575252AA2E20004244D /* SpookyPexelsTests */ = {
			isa = PBXNativeTarget;
			buildConfigurationList = 7793F58D252AA2E20004244D /* Build configuration list for PBXNativeTarget "SpookyPexelsTests" */;
			buildPhases = (
				7793F572252AA2E20004244D /* Sources */,
				7793F573252AA2E20004244D /* Frameworks */,
				7793F574252AA2E20004244D /* Resources */,
			);
			buildRules = (
			);
			dependencies = (
				7793F578252AA2E20004244D /* PBXTargetDependency */,
			);
			name = SpookyPexelsTests;
			productName = SpookyPexelsTests;
			productReference = 7793F576252AA2E20004244D /* SpookyPexelsTests.xctest */;
			productType = "com.apple.product-type.bundle.unit-test";
		};
		7793F580252AA2E20004244D /* SpookyPexelsUITests */ = {
			isa = PBXNativeTarget;
			buildConfigurationList = 7793F590252AA2E20004244D /* Build configuration list for PBXNativeTarget "SpookyPexelsUITests" */;
			buildPhases = (
				7793F57D252AA2E20004244D /* Sources */,
				7793F57E252AA2E20004244D /* Frameworks */,
				7793F57F252AA2E20004244D /* Resources */,
			);
			buildRules = (
			);
			dependencies = (
				7793F583252AA2E20004244D /* PBXTargetDependency */,
			);
			name = SpookyPexelsUITests;
			productName = SpookyPexelsUITests;
			productReference = 7793F581252AA2E20004244D /* SpookyPexelsUITests.xctest */;
			productType = "com.apple.product-type.bundle.ui-testing";
		};
/* End PBXNativeTarget section */

/* Begin PBXProject section */
		7793F558252AA2DF0004244D /* Project object */ = {
			isa = PBXProject;
			attributes = {
				LastSwiftUpdateCheck = 1200;
				LastUpgradeCheck = 1200;
				TargetAttributes = {
					7793F55F252AA2DF0004244D = {
						CreatedOnToolsVersion = 12.0.1;
					};
					7793F575252AA2E20004244D = {
						CreatedOnToolsVersion = 12.0.1;
						TestTargetID = 7793F55F252AA2DF0004244D;
					};
					7793F580252AA2E20004244D = {
						CreatedOnToolsVersion = 12.0.1;
						TestTargetID = 7793F55F252AA2DF0004244D;
					};
				};
			};
			buildConfigurationList = 7793F55B252AA2DF0004244D /* Build configuration list for PBXProject "SpookyPexels" */;
			compatibilityVersion = "Xcode 9.3";
			developmentRegion = en;
			hasScannedForEncodings = 0;
			knownRegions = (
				en,
				Base,
			);
			mainGroup = 7793F557252AA2DF0004244D;
			productRefGroup = 7793F561252AA2DF0004244D /* Products */;
			projectDirPath = "";
			projectRoot = "";
			targets = (
				7793F55F252AA2DF0004244D /* SpookyPexels */,
				7793F575252AA2E20004244D /* SpookyPexelsTests */,
				7793F580252AA2E20004244D /* SpookyPexelsUITests */,
			);
		};
/* End PBXProject section */

/* Begin PBXResourcesBuildPhase section */
		7793F55E252AA2DF0004244D /* Resources */ = {
			isa = PBXResourcesBuildPhase;
			buildActionMask = 2147483647;
			files = (
				7793F570252AA2E10004244D /* LaunchScreen.storyboard in Resources */,
				7793F56D252AA2E10004244D /* Assets.xcassets in Resources */,
			);
			runOnlyForDeploymentPostprocessing = 0;
		};
		7793F574252AA2E20004244D /* Resources */ = {
			isa = PBXResourcesBuildPhase;
			buildActionMask = 2147483647;
			files = (
			);
			runOnlyForDeploymentPostprocessing = 0;
		};
		7793F57F252AA2E20004244D /* Resources */ = {
			isa = PBXResourcesBuildPhase;
			buildActionMask = 2147483647;
			files = (
			);
			runOnlyForDeploymentPostprocessing = 0;
		};
/* End PBXResourcesBuildPhase section */

/* Begin PBXSourcesBuildPhase section */
		7793F55C252AA2DF0004244D /* Sources */ = {
			isa = PBXSourcesBuildPhase;
			buildActionMask = 2147483647;
			files = (
				7793F568252AA2DF0004244D /* MainController.swift in Sources */,
				7793F564252AA2DF0004244D /* AppDelegate.swift in Sources */,
				7793F566252AA2DF0004244D /* SceneDelegate.swift in Sources */,
			);
			runOnlyForDeploymentPostprocessing = 0;
		};
		7793F572252AA2E20004244D /* Sources */ = {
			isa = PBXSourcesBuildPhase;
			buildActionMask = 2147483647;
			files = (
				7793F57B252AA2E20004244D /* SpookyPexelsTests.swift in Sources */,
			);
			runOnlyForDeploymentPostprocessing = 0;
		};
		7793F57D252AA2E20004244D /* Sources */ = {
			isa = PBXSourcesBuildPhase;
			buildActionMask = 2147483647;
			files = (
				7793F586252AA2E20004244D /* SpookyPexelsUITests.swift in Sources */,
			);
			runOnlyForDeploymentPostprocessing = 0;
		};
/* End PBXSourcesBuildPhase section */

/* Begin PBXTargetDependency section */
		7793F578252AA2E20004244D /* PBXTargetDependency */ = {
			isa = PBXTargetDependency;
			target = 7793F55F252AA2DF0004244D /* SpookyPexels */;
			targetProxy = 7793F577252AA2E20004244D /* PBXContainerItemProxy */;
		};
		7793F583252AA2E20004244D /* PBXTargetDependency */ = {
			isa = PBXTargetDependency;
			target = 7793F55F252AA2DF0004244D /* SpookyPexels */;
			targetProxy = 7793F582252AA2E20004244D /* PBXContainerItemProxy */;
		};
/* End PBXTargetDependency section */

/* Begin PBXVariantGroup section */
		7793F56E252AA2E10004244D /* LaunchScreen.storyboard */ = {
			isa = PBXVariantGroup;
			children = (
				7793F56F252AA2E10004244D /* Base */,
			);
			name = LaunchScreen.storyboard;
			sourceTree = "<group>";
		};
/* End PBXVariantGroup section */

/* Begin XCBuildConfiguration section */
		7793F588252AA2E20004244D /* Debug */ = {
			isa = XCBuildConfiguration;
			buildSettings = {
				ALWAYS_SEARCH_USER_PATHS = NO;
				CLANG_ANALYZER_NONNULL = YES;
				CLANG_ANALYZER_NUMBER_OBJECT_CONVERSION = YES_AGGRESSIVE;
				CLANG_CXX_LANGUAGE_STANDARD = "gnu++14";
				CLANG_CXX_LIBRARY = "libc++";
				CLANG_ENABLE_MODULES = YES;
				CLANG_ENABLE_OBJC_ARC = YES;
				CLANG_ENABLE_OBJC_WEAK = YES;
				CLANG_WARN_BLOCK_CAPTURE_AUTORELEASING = YES;
				CLANG_WARN_BOOL_CONVERSION = YES;
				CLANG_WARN_COMMA = YES;
				CLANG_WARN_CONSTANT_CONVERSION = YES;
				CLANG_WARN_DEPRECATED_OBJC_IMPLEMENTATIONS = YES;
				CLANG_WARN_DIRECT_OBJC_ISA_USAGE = YES_ERROR;
				CLANG_WARN_DOCUMENTATION_COMMENTS = YES;
				CLANG_WARN_EMPTY_BODY = YES;
				CLANG_WARN_ENUM_CONVERSION = YES;
				CLANG_WARN_INFINITE_RECURSION = YES;
				CLANG_WARN_INT_CONVERSION = YES;
				CLANG_WARN_NON_LITERAL_NULL_CONVERSION = YES;
				CLANG_WARN_OBJC_IMPLICIT_RETAIN_SELF = YES;
				CLANG_WARN_OBJC_LITERAL_CONVERSION = YES;
				CLANG_WARN_OBJC_ROOT_CLASS = YES_ERROR;
				CLANG_WARN_QUOTED_INCLUDE_IN_FRAMEWORK_HEADER = YES;
				CLANG_WARN_RANGE_LOOP_ANALYSIS = YES;
				CLANG_WARN_STRICT_PROTOTYPES = YES;
				CLANG_WARN_SUSPICIOUS_MOVE = YES;
				CLANG_WARN_UNGUARDED_AVAILABILITY = YES_AGGRESSIVE;
				CLANG_WARN_UNREACHABLE_CODE = YES;
				CLANG_WARN__DUPLICATE_METHOD_MATCH = YES;
				COPY_PHASE_STRIP = NO;
				DEBUG_INFORMATION_FORMAT = dwarf;
				ENABLE_STRICT_OBJC_MSGSEND = YES;
				ENABLE_TESTABILITY = YES;
				GCC_C_LANGUAGE_STANDARD = gnu11;
				GCC_DYNAMIC_NO_PIC = NO;
				GCC_NO_COMMON_BLOCKS = YES;
				GCC_OPTIMIZATION_LEVEL = 0;
				GCC_PREPROCESSOR_DEFINITIONS = (
					"DEBUG=1",
					"$(inherited)",
				);
				GCC_WARN_64_TO_32_BIT_CONVERSION = YES;
				GCC_WARN_ABOUT_RETURN_TYPE = YES_ERROR;
				GCC_WARN_UNDECLARED_SELECTOR = YES;
				GCC_WARN_UNINITIALIZED_AUTOS = YES_AGGRESSIVE;
				GCC_WARN_UNUSED_FUNCTION = YES;
				GCC_WARN_UNUSED_VARIABLE = YES;
				IPHONEOS_DEPLOYMENT_TARGET = 14.0;
				MTL_ENABLE_DEBUG_INFO = INCLUDE_SOURCE;
				MTL_FAST_MATH = YES;
				ONLY_ACTIVE_ARCH = YES;
				SDKROOT = iphoneos;
				SWIFT_ACTIVE_COMPILATION_CONDITIONS = DEBUG;
				SWIFT_OPTIMIZATION_LEVEL = "-Onone";
			};
			name = Debug;
		};
		7793F589252AA2E20004244D /* Release */ = {
			isa = XCBuildConfiguration;
			buildSettings = {
				ALWAYS_SEARCH_USER_PATHS = NO;
				CLANG_ANALYZER_NONNULL = YES;
				CLANG_ANALYZER_NUMBER_OBJECT_CONVERSION = YES_AGGRESSIVE;
				CLANG_CXX_LANGUAGE_STANDARD = "gnu++14";
				CLANG_CXX_LIBRARY = "libc++";
				CLANG_ENABLE_MODULES = YES;
				CLANG_ENABLE_OBJC_ARC = YES;
				CLANG_ENABLE_OBJC_WEAK = YES;
				CLANG_WARN_BLOCK_CAPTURE_AUTORELEASING = YES;
				CLANG_WARN_BOOL_CONVERSION = YES;
				CLANG_WARN_COMMA = YES;
				CLANG_WARN_CONSTANT_CONVERSION = YES;
				CLANG_WARN_DEPRECATED_OBJC_IMPLEMENTATIONS = YES;
				CLANG_WARN_DIRECT_OBJC_ISA_USAGE = YES_ERROR;
				CLANG_WARN_DOCUMENTATION_COMMENTS = YES;
				CLANG_WARN_EMPTY_BODY = YES;
				CLANG_WARN_ENUM_CONVERSION = YES;
				CLANG_WARN_INFINITE_RECURSION = YES;
				CLANG_WARN_INT_CONVERSION = YES;
				CLANG_WARN_NON_LITERAL_NULL_CONVERSION = YES;
				CLANG_WARN_OBJC_IMPLICIT_RETAIN_SELF = YES;
				CLANG_WARN_OBJC_LITERAL_CONVERSION = YES;
				CLANG_WARN_OBJC_ROOT_CLASS = YES_ERROR;
				CLANG_WARN_QUOTED_INCLUDE_IN_FRAMEWORK_HEADER = YES;
				CLANG_WARN_RANGE_LOOP_ANALYSIS = YES;
				CLANG_WARN_STRICT_PROTOTYPES = YES;
				CLANG_WARN_SUSPICIOUS_MOVE = YES;
				CLANG_WARN_UNGUARDED_AVAILABILITY = YES_AGGRESSIVE;
				CLANG_WARN_UNREACHABLE_CODE = YES;
				CLANG_WARN__DUPLICATE_METHOD_MATCH = YES;
				COPY_PHASE_STRIP = NO;
				DEBUG_INFORMATION_FORMAT = "dwarf-with-dsym";
				ENABLE_NS_ASSERTIONS = NO;
				ENABLE_STRICT_OBJC_MSGSEND = YES;
				GCC_C_LANGUAGE_STANDARD = gnu11;
				GCC_NO_COMMON_BLOCKS = YES;
				GCC_WARN_64_TO_32_BIT_CONVERSION = YES;
				GCC_WARN_ABOUT_RETURN_TYPE = YES_ERROR;
				GCC_WARN_UNDECLARED_SELECTOR = YES;
				GCC_WARN_UNINITIALIZED_AUTOS = YES_AGGRESSIVE;
				GCC_WARN_UNUSED_FUNCTION = YES;
				GCC_WARN_UNUSED_VARIABLE = YES;
				IPHONEOS_DEPLOYMENT_TARGET = 14.0;
				MTL_ENABLE_DEBUG_INFO = NO;
				MTL_FAST_MATH = YES;
				SDKROOT = iphoneos;
				SWIFT_COMPILATION_MODE = wholemodule;
				SWIFT_OPTIMIZATION_LEVEL = "-O";
				VALIDATE_PRODUCT = YES;
			};
			name = Release;
		};
		7793F58B252AA2E20004244D /* Debug */ = {
			isa = XCBuildConfiguration;
			buildSettings = {
				ASSETCATALOG_COMPILER_APPICON_NAME = AppIcon;
				ASSETCATALOG_COMPILER_GLOBAL_ACCENT_COLOR_NAME = AccentColor;
				CODE_SIGN_STYLE = Automatic;
				DEVELOPMENT_TEAM = A6GUQ7XNWR;
				INFOPLIST_FILE = SpookyPexels/Info.plist;
				LD_RUNPATH_SEARCH_PATHS = (
					"$(inherited)",
					"@executable_path/Frameworks",
				);
				PRODUCT_BUNDLE_IDENTIFIER = com.ginacdlr.SpookyPexels;
				PRODUCT_NAME = "$(TARGET_NAME)";
				SWIFT_VERSION = 5.0;
				TARGETED_DEVICE_FAMILY = "1,2";
			};
			name = Debug;
		};
		7793F58C252AA2E20004244D /* Release */ = {
			isa = XCBuildConfiguration;
			buildSettings = {
				ASSETCATALOG_COMPILER_APPICON_NAME = AppIcon;
				ASSETCATALOG_COMPILER_GLOBAL_ACCENT_COLOR_NAME = AccentColor;
				CODE_SIGN_STYLE = Automatic;
				DEVELOPMENT_TEAM = A6GUQ7XNWR;
				INFOPLIST_FILE = SpookyPexels/Info.plist;
				LD_RUNPATH_SEARCH_PATHS = (
					"$(inherited)",
					"@executable_path/Frameworks",
				);
				PRODUCT_BUNDLE_IDENTIFIER = com.ginacdlr.SpookyPexels;
				PRODUCT_NAME = "$(TARGET_NAME)";
				SWIFT_VERSION = 5.0;
				TARGETED_DEVICE_FAMILY = "1,2";
			};
			name = Release;
		};
		7793F58E252AA2E20004244D /* Debug */ = {
			isa = XCBuildConfiguration;
			buildSettings = {
				ALWAYS_EMBED_SWIFT_STANDARD_LIBRARIES = YES;
				BUNDLE_LOADER = "$(TEST_HOST)";
				CODE_SIGN_STYLE = Automatic;
				DEVELOPMENT_TEAM = A6GUQ7XNWR;
				INFOPLIST_FILE = SpookyPexelsTests/Info.plist;
				IPHONEOS_DEPLOYMENT_TARGET = 14.0;
				LD_RUNPATH_SEARCH_PATHS = (
					"$(inherited)",
					"@executable_path/Frameworks",
					"@loader_path/Frameworks",
				);
				PRODUCT_BUNDLE_IDENTIFIER = com.ginacdlr.SpookyPexelsTests;
				PRODUCT_NAME = "$(TARGET_NAME)";
				SWIFT_VERSION = 5.0;
				TARGETED_DEVICE_FAMILY = "1,2";
				TEST_HOST = "$(BUILT_PRODUCTS_DIR)/SpookyPexels.app/SpookyPexels";
			};
			name = Debug;
		};
		7793F58F252AA2E20004244D /* Release */ = {
			isa = XCBuildConfiguration;
			buildSettings = {
				ALWAYS_EMBED_SWIFT_STANDARD_LIBRARIES = YES;
				BUNDLE_LOADER = "$(TEST_HOST)";
				CODE_SIGN_STYLE = Automatic;
				DEVELOPMENT_TEAM = A6GUQ7XNWR;
				INFOPLIST_FILE = SpookyPexelsTests/Info.plist;
				IPHONEOS_DEPLOYMENT_TARGET = 14.0;
				LD_RUNPATH_SEARCH_PATHS = (
					"$(inherited)",
					"@executable_path/Frameworks",
					"@loader_path/Frameworks",
				);
				PRODUCT_BUNDLE_IDENTIFIER = com.ginacdlr.SpookyPexelsTests;
				PRODUCT_NAME = "$(TARGET_NAME)";
				SWIFT_VERSION = 5.0;
				TARGETED_DEVICE_FAMILY = "1,2";
				TEST_HOST = "$(BUILT_PRODUCTS_DIR)/SpookyPexels.app/SpookyPexels";
			};
			name = Release;
		};
		7793F591252AA2E20004244D /* Debug */ = {
			isa = XCBuildConfiguration;
			buildSettings = {
				ALWAYS_EMBED_SWIFT_STANDARD_LIBRARIES = YES;
				CODE_SIGN_STYLE = Automatic;
				DEVELOPMENT_TEAM = A6GUQ7XNWR;
				INFOPLIST_FILE = SpookyPexelsUITests/Info.plist;
				LD_RUNPATH_SEARCH_PATHS = (
					"$(inherited)",
					"@executable_path/Frameworks",
					"@loader_path/Frameworks",
				);
				PRODUCT_BUNDLE_IDENTIFIER = com.ginacdlr.SpookyPexelsUITests;
				PRODUCT_NAME = "$(TARGET_NAME)";
				SWIFT_VERSION = 5.0;
				TARGETED_DEVICE_FAMILY = "1,2";
				TEST_TARGET_NAME = SpookyPexels;
			};
			name = Debug;
		};
		7793F592252AA2E20004244D /* Release */ = {
			isa = XCBuildConfiguration;
			buildSettings = {
				ALWAYS_EMBED_SWIFT_STANDARD_LIBRARIES = YES;
				CODE_SIGN_STYLE = Automatic;
				DEVELOPMENT_TEAM = A6GUQ7XNWR;
				INFOPLIST_FILE = SpookyPexelsUITests/Info.plist;
				LD_RUNPATH_SEARCH_PATHS = (
					"$(inherited)",
					"@executable_path/Frameworks",
					"@loader_path/Frameworks",
				);
				PRODUCT_BUNDLE_IDENTIFIER = com.ginacdlr.SpookyPexelsUITests;
				PRODUCT_NAME = "$(TARGET_NAME)";
				SWIFT_VERSION = 5.0;
				TARGETED_DEVICE_FAMILY = "1,2";
				TEST_TARGET_NAME = SpookyPexels;
			};
			name = Release;
		};
/* End XCBuildConfiguration section */

/* Begin XCConfigurationList section */
		7793F55B252AA2DF0004244D /* Build configuration list for PBXProject "SpookyPexels" */ = {
			isa = XCConfigurationList;
			buildConfigurations = (
				7793F588252AA2E20004244D /* Debug */,
				7793F589252AA2E20004244D /* Release */,
			);
			defaultConfigurationIsVisible = 0;
			defaultConfigurationName = Release;
		};
		7793F58A252AA2E20004244D /* Build configuration list for PBXNativeTarget "SpookyPexels" */ = {
			isa = XCConfigurationList;
			buildConfigurations = (
				7793F58B252AA2E20004244D /* Debug */,
				7793F58C252AA2E20004244D /* Release */,
			);
			defaultConfigurationIsVisible = 0;
			defaultConfigurationName = Release;
		};
		7793F58D252AA2E20004244D /* Build configuration list for PBXNativeTarget "SpookyPexelsTests" */ = {
			isa = XCConfigurationList;
			buildConfigurations = (
				7793F58E252AA2E20004244D /* Debug */,
				7793F58F252AA2E20004244D /* Release */,
			);
			defaultConfigurationIsVisible = 0;
			defaultConfigurationName = Release;
		};
		7793F590252AA2E20004244D /* Build configuration list for PBXNativeTarget "SpookyPexelsUITests" */ = {
			isa = XCConfigurationList;
			buildConfigurations = (
				7793F591252AA2E20004244D /* Debug */,
				7793F592252AA2E20004244D /* Release */,
			);
			defaultConfigurationIsVisible = 0;
			defaultConfigurationName = Release;
		};
/* End XCConfigurationList section */
	};
	rootObject = 7793F558252AA2DF0004244D /* Project object */;
}
